
Microsoft Visual Studio Solution File, Format Version 12.00
# Visual Studio Version 16
VisualStudioVersion = 16.0.30406.217
MinimumVisualStudioVersion = 10.0.40219.1
Project("{FAE04EC0-301F-11D3-BF4B-00C04F79EFBC}") = "Pandaros.Civ", "Pandaros.Civ.csproj", "{3DB592E2-3A79-4ACD-BCA9-A4939D450AF9}"
EndProject
Global
	GlobalSection(SolutionConfigurationPlatforms) = preSolution
		Debug|Any CPU = Debug|Any CPU
		Release|Any CPU = Release|Any CPU
	EndGlobalSection
	GlobalSection(ProjectConfigurationPlatforms) = postSolution
		{3DB592E2-3A79-4ACD-BCA9-A4939D450AF9}.Debug|Any CPU.ActiveCfg = Debug|Any CPU
		{3DB592E2-3A79-4ACD-BCA9-A4939D450AF9}.Debug|Any CPU.Build.0 = Debug|Any CPU
		{3DB592E2-3A79-4ACD-BCA9-A4939D450AF9}.Release|Any CPU.ActiveCfg = Release|Any CPU
		{3DB592E2-3A79-4ACD-BCA9-A4939D450AF9}.Release|Any CPU.Build.0 = Release|Any CPU
	EndGlobalSection
	GlobalSection(SolutionProperties) = preSolution
		HideSolutionNode = FALSE
	EndGlobalSection
	GlobalSection(ExtensibilityGlobals) = postSolution
		SolutionGuid = {F091E6DB-9511-4131-A6B7-D218CFADCA03}
	EndGlobalSection
EndGlobal
